
Microsoft Visual Studio Solution File, Format Version 12.00
# Visual Studio Version 16
VisualStudioVersion = 16.0.29613.14
MinimumVisualStudioVersion = 10.0.40219.1
Project("{9A19103F-16F7-4668-BE54-9A1E7A4F7556}") = "FlashCards", "FlashCards\FlashCards.csproj", "{4A901E6E-AC83-4BAD-B13C-BD38AE7CC8F9}"
EndProject
Project("{9A19103F-16F7-4668-BE54-9A1E7A4F7556}") = "FlashCards.Tests", "FlashCards.Tests\FlashCards.Tests.csproj", "{F654C910-D9FF-4E92-948B-7D2988D112F9}"
EndProject
Global
	GlobalSection(SolutionConfigurationPlatforms) = preSolution
		Debug|Any CPU = Debug|Any CPU
		Release|Any CPU = Release|Any CPU
	EndGlobalSection
	GlobalSection(ProjectConfigurationPlatforms) = postSolution
		{4A901E6E-AC83-4BAD-B13C-BD38AE7CC8F9}.Debug|Any CPU.ActiveCfg = Debug|Any CPU
		{4A901E6E-AC83-4BAD-B13C-BD38AE7CC8F9}.Debug|Any CPU.Build.0 = Debug|Any CPU
		{4A901E6E-AC83-4BAD-B13C-BD38AE7CC8F9}.Release|Any CPU.ActiveCfg = Release|Any CPU
		{4A901E6E-AC83-4BAD-B13C-BD38AE7CC8F9}.Release|Any CPU.Build.0 = Release|Any CPU
		{F654C910-D9FF-4E92-948B-7D2988D112F9}.Debug|Any CPU.ActiveCfg = Debug|Any CPU
		{F654C910-D9FF-4E92-948B-7D2988D112F9}.Debug|Any CPU.Build.0 = Debug|Any CPU
		{F654C910-D9FF-4E92-948B-7D2988D112F9}.Release|Any CPU.ActiveCfg = Release|Any CPU
		{F654C910-D9FF-4E92-948B-7D2988D112F9}.Release|Any CPU.Build.0 = Release|Any CPU
	EndGlobalSection
	GlobalSection(SolutionProperties) = preSolution
		HideSolutionNode = FALSE
	EndGlobalSection
	GlobalSection(ExtensibilityGlobals) = postSolution
		SolutionGuid = {B80FAB49-8E95-4B88-A69F-71CB90E68BDD}
	EndGlobalSection
EndGlobal
