
Microsoft Visual Studio Solution File, Format Version 12.00
# Visual Studio Version 16
VisualStudioVersion = 16.0.29613.14
MinimumVisualStudioVersion = 10.0.40219.1
Project("{9A19103F-16F7-4668-BE54-9A1E7A4F7556}") = "FlashCards", "FlashCards\FlashCards.csproj", "{4A901E6E-AC83-4BAD-B13C-BD38AE7CC8F9}"
EndProject
Project("{FAE04EC0-301F-11D3-BF4B-00C04F79EFBC}") = "FlashCards.Tests", "UnitTestProject1\FlashCards.Tests.csproj", "{A97D2C70-9AAB-4B03-9E3C-0D08B9945EAB}"
EndProject
Global
	GlobalSection(SolutionConfigurationPlatforms) = preSolution
		Debug|Any CPU = Debug|Any CPU
		Release|Any CPU = Release|Any CPU
	EndGlobalSection
	GlobalSection(ProjectConfigurationPlatforms) = postSolution
		{4A901E6E-AC83-4BAD-B13C-BD38AE7CC8F9}.Debug|Any CPU.ActiveCfg = Debug|Any CPU
		{4A901E6E-AC83-4BAD-B13C-BD38AE7CC8F9}.Debug|Any CPU.Build.0 = Debug|Any CPU
		{4A901E6E-AC83-4BAD-B13C-BD38AE7CC8F9}.Release|Any CPU.ActiveCfg = Release|Any CPU
		{4A901E6E-AC83-4BAD-B13C-BD38AE7CC8F9}.Release|Any CPU.Build.0 = Release|Any CPU
		{A97D2C70-9AAB-4B03-9E3C-0D08B9945EAB}.Debug|Any CPU.ActiveCfg = Debug|Any CPU
		{A97D2C70-9AAB-4B03-9E3C-0D08B9945EAB}.Debug|Any CPU.Build.0 = Debug|Any CPU
		{A97D2C70-9AAB-4B03-9E3C-0D08B9945EAB}.Release|Any CPU.ActiveCfg = Release|Any CPU
		{A97D2C70-9AAB-4B03-9E3C-0D08B9945EAB}.Release|Any CPU.Build.0 = Release|Any CPU
	EndGlobalSection
	GlobalSection(SolutionProperties) = preSolution
		HideSolutionNode = FALSE
	EndGlobalSection
	GlobalSection(ExtensibilityGlobals) = postSolution
		SolutionGuid = {B80FAB49-8E95-4B88-A69F-71CB90E68BDD}
	EndGlobalSection
EndGlobal
